
Microsoft Visual Studio Solution File, Format Version 12.00
# Visual Studio Version 16
VisualStudioVersion = 16.0.29920.165
MinimumVisualStudioVersion = 10.0.40219.1
Project("{8BC9CEB8-8B4A-11D0-8D11-00A0C91BC942}") = "Quiz", "Quiz\Quiz.vcxproj", "{459B26D6-F952-4531-848E-3F50D091CFEB}"
EndProject
Global
	GlobalSection(SolutionConfigurationPlatforms) = preSolution
		Debug|x64 = Debug|x64
		Debug|x86 = Debug|x86
		Release|x64 = Release|x64
		Release|x86 = Release|x86
	EndGlobalSection
	GlobalSection(ProjectConfigurationPlatforms) = postSolution
		{459B26D6-F952-4531-848E-3F50D091CFEB}.Debug|x64.ActiveCfg = Debug|x64
		{459B26D6-F952-4531-848E-3F50D091CFEB}.Debug|x64.Build.0 = Debug|x64
		{459B26D6-F952-4531-848E-3F50D091CFEB}.Debug|x86.ActiveCfg = Debug|Win32
		{459B26D6-F952-4531-848E-3F50D091CFEB}.Debug|x86.Build.0 = Debug|Win32
		{459B26D6-F952-4531-848E-3F50D091CFEB}.Release|x64.ActiveCfg = Release|x64
		{459B26D6-F952-4531-848E-3F50D091CFEB}.Release|x64.Build.0 = Release|x64
		{459B26D6-F952-4531-848E-3F50D091CFEB}.Release|x86.ActiveCfg = Release|Win32
		{459B26D6-F952-4531-848E-3F50D091CFEB}.Release|x86.Build.0 = Release|Win32
	EndGlobalSection
	GlobalSection(SolutionProperties) = preSolution
		HideSolutionNode = FALSE
	EndGlobalSection
	GlobalSection(ExtensibilityGlobals) = postSolution
		SolutionGuid = {6466ABFD-96A0-419A-85DD-C8893A4043B7}
	EndGlobalSection
EndGlobal
